
Microsoft Visual Studio Solution File, Format Version 12.00
# Visual Studio Version 16
VisualStudioVersion = 16.0.30804.86
MinimumVisualStudioVersion = 10.0.40219.1
Project("{FAE04EC0-301F-11D3-BF4B-00C04F79EFBC}") = "HelloWebApp", "HelloWebApp.csproj", "{7220F991-8D75-47E1-9201-C688AEBE74BA}"
EndProject
Global
	GlobalSection(SolutionConfigurationPlatforms) = preSolution
		Debug|Any CPU = Debug|Any CPU
		Release|Any CPU = Release|Any CPU
	EndGlobalSection
	GlobalSection(ProjectConfigurationPlatforms) = postSolution
		{7220F991-8D75-47E1-9201-C688AEBE74BA}.Debug|Any CPU.ActiveCfg = Debug|Any CPU
		{7220F991-8D75-47E1-9201-C688AEBE74BA}.Debug|Any CPU.Build.0 = Debug|Any CPU
		{7220F991-8D75-47E1-9201-C688AEBE74BA}.Release|Any CPU.ActiveCfg = Release|Any CPU
		{7220F991-8D75-47E1-9201-C688AEBE74BA}.Release|Any CPU.Build.0 = Release|Any CPU
	EndGlobalSection
	GlobalSection(SolutionProperties) = preSolution
		HideSolutionNode = FALSE
	EndGlobalSection
	GlobalSection(ExtensibilityGlobals) = postSolution
		SolutionGuid = {DB29CAEF-B73C-4493-9994-BBD6D286C2ED}
	EndGlobalSection
EndGlobal
